# This is a Gradle generated file for dependency locking.
# Manual edits can break the build and are not advised.
# This file is expected to be part of source control.
ch.qos.logback:logback-classic:1.4.8=compileClasspath
ch.qos.logback:logback-core:1.4.8=compileClasspath
com.fasterxml.jackson.core:jackson-annotations:2.15.2=compileClasspath
com.fasterxml.jackson.core:jackson-core:2.15.2=compileClasspath
com.fasterxml.jackson.core:jackson-databind:2.15.2=compileClasspath
com.fasterxml.jackson.dataformat:jackson-dataformat-toml:2.15.2=compileClasspath
com.fasterxml.jackson.dataformat:jackson-dataformat-yaml:2.15.2=compileClasspath
com.fasterxml.jackson.datatype:jackson-datatype-jdk8:2.15.2=compileClasspath
com.fasterxml.jackson.datatype:jackson-datatype-jsr310:2.15.2=compileClasspath
com.fasterxml.jackson.module:jackson-module-parameter-names:2.15.2=compileClasspath
com.fasterxml.jackson:jackson-bom:2.15.2=compileClasspath
com.fasterxml:classmate:1.5.1=compileClasspath
com.github.mifmif:generex:1.0.2=compileClasspath
com.github.slugify:slugify:3.0.5=compileClasspath
com.zaxxer:HikariCP:5.0.1=compileClasspath
dk.brics.automaton:automaton:1.11-8=compileClasspath
io.jsonwebtoken:jjwt-api:0.11.5=compileClasspath
io.micrometer:micrometer-commons:1.11.2=compileClasspath
io.micrometer:micrometer-observation:1.11.2=compileClasspath
io.swagger.core.v3:swagger-annotations-jakarta:2.2.9=compileClasspath
io.swagger.core.v3:swagger-core-jakarta:2.2.9=compileClasspath
io.swagger.core.v3:swagger-models-jakarta:2.2.9=compileClasspath
jakarta.activation:jakarta.activation-api:2.1.2=compileClasspath
jakarta.annotation:jakarta.annotation-api:2.1.1=compileClasspath
jakarta.persistence:jakarta.persistence-api:3.1.0=compileClasspath
jakarta.transaction:jakarta.transaction-api:2.0.1=compileClasspath
jakarta.validation:jakarta.validation-api:3.0.2=compileClasspath
jakarta.xml.bind:jakarta.xml.bind-api:4.0.0=compileClasspath
net.datafaker:datafaker:2.0.1=compileClasspath
org.antlr:antlr4-runtime:4.10.1=compileClasspath
org.apache.commons:commons-lang3:3.12.0=compileClasspath
org.apache.commons:commons-text:1.10.0=compileClasspath
org.apache.logging.log4j:log4j-api:2.20.0=compileClasspath
org.apache.logging.log4j:log4j-to-slf4j:2.20.0=compileClasspath
org.apache.tomcat.embed:tomcat-embed-core:10.1.11=compileClasspath
org.apache.tomcat.embed:tomcat-embed-el:10.1.11=compileClasspath
org.apache.tomcat.embed:tomcat-embed-websocket:10.1.11=compileClasspath
org.aspectj:aspectjweaver:1.9.19=compileClasspath
org.flywaydb:flyway-core:9.16.3=compileClasspath
org.hibernate.orm:hibernate-core:6.2.6.Final=compileClasspath
org.hibernate.validator:hibernate-validator:8.0.1.Final=compileClasspath
org.jboss.logging:jboss-logging:3.5.3.Final=compileClasspath
org.projectlombok:lombok:1.18.28=compileClasspath
org.slf4j:jul-to-slf4j:2.0.7=compileClasspath
org.slf4j:slf4j-api:2.0.7=compileClasspath
org.springdoc:springdoc-openapi-starter-common:2.1.0=compileClasspath
org.springdoc:springdoc-openapi-starter-webmvc-api:2.1.0=compileClasspath
org.springdoc:springdoc-openapi-starter-webmvc-ui:2.1.0=compileClasspath
org.springframework.boot:spring-boot-autoconfigure:3.1.2=compileClasspath
org.springframework.boot:spring-boot-configuration-processor:3.1.2=compileClasspath
org.springframework.boot:spring-boot-starter-aop:3.1.2=compileClasspath
org.springframework.boot:spring-boot-starter-data-jpa:3.1.2=compileClasspath
org.springframework.boot:spring-boot-starter-jdbc:3.1.2=compileClasspath
org.springframework.boot:spring-boot-starter-json:3.1.2=compileClasspath
org.springframework.boot:spring-boot-starter-logging:3.1.2=compileClasspath
org.springframework.boot:spring-boot-starter-security:3.1.2=compileClasspath
org.springframework.boot:spring-boot-starter-tomcat:3.1.2=compileClasspath
org.springframework.boot:spring-boot-starter-validation:3.1.2=compileClasspath
org.springframework.boot:spring-boot-starter-web:3.1.2=compileClasspath
org.springframework.boot:spring-boot-starter:3.1.2=compileClasspath
org.springframework.boot:spring-boot:3.1.2=compileClasspath
org.springframework.data:spring-data-commons:3.1.2=compileClasspath
org.springframework.data:spring-data-jpa:3.1.2=compileClasspath
org.springframework.security:spring-security-config:6.1.2=compileClasspath
org.springframework.security:spring-security-core:6.1.2=compileClasspath
org.springframework.security:spring-security-crypto:6.1.2=compileClasspath
org.springframework.security:spring-security-web:6.1.2=compileClasspath
org.springframework:spring-aop:6.0.11=compileClasspath
org.springframework:spring-aspects:6.0.11=compileClasspath
org.springframework:spring-beans:6.0.11=compileClasspath
org.springframework:spring-context:6.0.11=compileClasspath
org.springframework:spring-core:6.0.11=compileClasspath
org.springframework:spring-expression:6.0.11=compileClasspath
org.springframework:spring-jcl:6.0.11=compileClasspath
org.springframework:spring-jdbc:6.0.11=compileClasspath
org.springframework:spring-orm:6.0.11=compileClasspath
org.springframework:spring-tx:6.0.11=compileClasspath
org.springframework:spring-web:6.0.11=compileClasspath
org.springframework:spring-webmvc:6.0.11=compileClasspath
org.webjars:swagger-ui:4.18.2=compileClasspath
org.yaml:snakeyaml:1.33=compileClasspath
empty=
